
Microsoft Visual Studio Solution File, Format Version 12.00
# Visual Studio 15
VisualStudioVersion = 15.0.27703.2018
MinimumVisualStudioVersion = 10.0.40219.1
Project("{F184B08F-C81C-45F6-A57F-5ABD9991F28F}") = "ElektroPictureBox Demo", "ElektroPictureBox Demo\ElektroPictureBox Demo.vbproj", "{67706489-2B04-4369-917B-9E448342C107}"
EndProject
Project("{F184B08F-C81C-45F6-A57F-5ABD9991F28F}") = "ElektroPictureBox", "ElektroPictureBox\ElektroPictureBox.vbproj", "{E405623A-4CB5-48BC-845A-A19D5F92E931}"
EndProject
Global
	GlobalSection(SolutionConfigurationPlatforms) = preSolution
		Debug|Any CPU = Debug|Any CPU
		Release|Any CPU = Release|Any CPU
	EndGlobalSection
	GlobalSection(ProjectConfigurationPlatforms) = postSolution
		{67706489-2B04-4369-917B-9E448342C107}.Debug|Any CPU.ActiveCfg = Debug|Any CPU
		{67706489-2B04-4369-917B-9E448342C107}.Debug|Any CPU.Build.0 = Debug|Any CPU
		{67706489-2B04-4369-917B-9E448342C107}.Release|Any CPU.ActiveCfg = Release|Any CPU
		{67706489-2B04-4369-917B-9E448342C107}.Release|Any CPU.Build.0 = Release|Any CPU
		{E405623A-4CB5-48BC-845A-A19D5F92E931}.Debug|Any CPU.ActiveCfg = Debug|Any CPU
		{E405623A-4CB5-48BC-845A-A19D5F92E931}.Debug|Any CPU.Build.0 = Debug|Any CPU
		{E405623A-4CB5-48BC-845A-A19D5F92E931}.Release|Any CPU.ActiveCfg = Release|Any CPU
		{E405623A-4CB5-48BC-845A-A19D5F92E931}.Release|Any CPU.Build.0 = Release|Any CPU
	EndGlobalSection
	GlobalSection(SolutionProperties) = preSolution
		HideSolutionNode = FALSE
	EndGlobalSection
	GlobalSection(ExtensibilityGlobals) = postSolution
		SolutionGuid = {0F268708-27FF-401F-86BE-3252C716EC8E}
	EndGlobalSection
EndGlobal
